
Microsoft Visual Studio Solution File, Format Version 11.00
# Visual Studio 2010
Project("{FAE04EC0-301F-11D3-BF4B-00C04F79EFBC}") = "NuGetServer", "NuGetServer\NuGetServer.csproj", "{9E028946-4C9E-4D86-8E33-18AE15677AAB}"
EndProject
Project("{2150E333-8FDC-42A3-9474-1A3956D46DE8}") = "Solution Items", "Solution Items", "{C55F8106-7F71-4CEC-BEAB-EEC88112F547}"
	ProjectSection(SolutionItems) = preProject
		build.ps1 = build.ps1
		Build\common.ps1 = Build\common.ps1
		default.ps1 = default.ps1
	EndProjectSection
EndProject
Project("{FAE04EC0-301F-11D3-BF4B-00C04F79EFBC}") = "NuGetServer.Tests", "NuGetServer.Tests\NuGetServer.Tests.csproj", "{C3B54AF1-123D-4AAB-BB2F-4C17C4ED17A1}"
EndProject
Project("{FAE04EC0-301F-11D3-BF4B-00C04F79EFBC}") = "NuGetServer.Tests.Integration", "NuGetServer.Tests.Integration\NuGetServer.Tests.Integration.csproj", "{F4F5BBEE-597C-45D7-ACEA-E5C56FD12B85}"
EndProject
Global
	GlobalSection(SolutionConfigurationPlatforms) = preSolution
		Debug|Any CPU = Debug|Any CPU
		Release|Any CPU = Release|Any CPU
	EndGlobalSection
	GlobalSection(ProjectConfigurationPlatforms) = postSolution
		{9E028946-4C9E-4D86-8E33-18AE15677AAB}.Debug|Any CPU.ActiveCfg = Debug|Any CPU
		{9E028946-4C9E-4D86-8E33-18AE15677AAB}.Debug|Any CPU.Build.0 = Debug|Any CPU
		{9E028946-4C9E-4D86-8E33-18AE15677AAB}.Release|Any CPU.ActiveCfg = Release|Any CPU
		{9E028946-4C9E-4D86-8E33-18AE15677AAB}.Release|Any CPU.Build.0 = Release|Any CPU
		{C3B54AF1-123D-4AAB-BB2F-4C17C4ED17A1}.Debug|Any CPU.ActiveCfg = Debug|Any CPU
		{C3B54AF1-123D-4AAB-BB2F-4C17C4ED17A1}.Debug|Any CPU.Build.0 = Debug|Any CPU
		{C3B54AF1-123D-4AAB-BB2F-4C17C4ED17A1}.Release|Any CPU.ActiveCfg = Release|Any CPU
		{C3B54AF1-123D-4AAB-BB2F-4C17C4ED17A1}.Release|Any CPU.Build.0 = Release|Any CPU
		{F4F5BBEE-597C-45D7-ACEA-E5C56FD12B85}.Debug|Any CPU.ActiveCfg = Debug|Any CPU
		{F4F5BBEE-597C-45D7-ACEA-E5C56FD12B85}.Debug|Any CPU.Build.0 = Debug|Any CPU
		{F4F5BBEE-597C-45D7-ACEA-E5C56FD12B85}.Release|Any CPU.ActiveCfg = Release|Any CPU
		{F4F5BBEE-597C-45D7-ACEA-E5C56FD12B85}.Release|Any CPU.Build.0 = Release|Any CPU
	EndGlobalSection
	GlobalSection(SolutionProperties) = preSolution
		HideSolutionNode = FALSE
	EndGlobalSection
EndGlobal
