
Microsoft Visual Studio Solution File, Format Version 11.00
# Visual Studio 2010
Project("{FAE04EC0-301F-11D3-BF4B-00C04F79EFBC}") = "NuGetServer", "NuGetServer\NuGetServer.csproj", "{9E028946-4C9E-4D86-8E33-18AE15677AAB}"
EndProject
Global
	GlobalSection(SolutionConfigurationPlatforms) = preSolution
		Debug|Any CPU = Debug|Any CPU
		Release|Any CPU = Release|Any CPU
	EndGlobalSection
	GlobalSection(ProjectConfigurationPlatforms) = postSolution
		{9E028946-4C9E-4D86-8E33-18AE15677AAB}.Debug|Any CPU.ActiveCfg = Debug|Any CPU
		{9E028946-4C9E-4D86-8E33-18AE15677AAB}.Debug|Any CPU.Build.0 = Debug|Any CPU
		{9E028946-4C9E-4D86-8E33-18AE15677AAB}.Release|Any CPU.ActiveCfg = Release|Any CPU
		{9E028946-4C9E-4D86-8E33-18AE15677AAB}.Release|Any CPU.Build.0 = Release|Any CPU
	EndGlobalSection
	GlobalSection(SolutionProperties) = preSolution
		HideSolutionNode = FALSE
	EndGlobalSection
EndGlobal
